
Microsoft Visual Studio Solution File, Format Version 12.00
# Visual Studio 15
VisualStudioVersion = 15.0.27130.2010
MinimumVisualStudioVersion = 10.0.40219.1
Project("{FAE04EC0-301F-11D3-BF4B-00C04F79EFBC}") = "MVCRUD", "MVCRUD\MVCRUD.csproj", "{BCFAB3F1-036E-4490-81AB-3472191AED26}"
EndProject
Global
	GlobalSection(SolutionConfigurationPlatforms) = preSolution
		Debug|Any CPU = Debug|Any CPU
		Release|Any CPU = Release|Any CPU
	EndGlobalSection
	GlobalSection(ProjectConfigurationPlatforms) = postSolution
		{BCFAB3F1-036E-4490-81AB-3472191AED26}.Debug|Any CPU.ActiveCfg = Debug|Any CPU
		{BCFAB3F1-036E-4490-81AB-3472191AED26}.Debug|Any CPU.Build.0 = Debug|Any CPU
		{BCFAB3F1-036E-4490-81AB-3472191AED26}.Release|Any CPU.ActiveCfg = Release|Any CPU
		{BCFAB3F1-036E-4490-81AB-3472191AED26}.Release|Any CPU.Build.0 = Release|Any CPU
	EndGlobalSection
	GlobalSection(SolutionProperties) = preSolution
		HideSolutionNode = FALSE
	EndGlobalSection
	GlobalSection(ExtensibilityGlobals) = postSolution
		SolutionGuid = {1D8EF8AB-44CD-4539-B76F-EF01D2C76427}
	EndGlobalSection
EndGlobal
